// !$*UTF8*$!
{
	archiveVersion = 1;
	classes = {
	};
	objectVersion = 54;
	objects = {

/* Begin PBXBuildFile section */
		0C80B921A6F3F58F76C31292 /* libPods-courseTaskApp.a in Frameworks */ = {isa = PBXBuildFile; fileRef = 5DCACB8F33CDC322A6C60F78 /* libPods-courseTaskApp.a */; };
		13B07FBF1A68108700A75B9A /* Images.xcassets in Resources */ = {isa = PBXBuildFile; fileRef = 13B07FB51A68108700A75B9A /* Images.xcassets */; };
		761780ED2CA45674006654EE /* AppDelegate.swift in Sources */ = {isa = PBXBuildFile; fileRef = 761780EC2CA45674006654EE /* AppDelegate.swift */; };
		81AB9BB82411601600AC10FF /* LaunchScreen.storyboard in Resources */ = {isa = PBXBuildFile; fileRef = 81AB9BB72411601600AC10FF /* LaunchScreen.storyboard */; };
		C4F58030F2F64EAC87FC6CB2 /* Inter-Bold.ttf in Resources */ = {isa = PBXBuildFile; fileRef = AB57125501AF4BD6A4CF66A3 /* Inter-Bold.ttf */; };
		FB8869E9960E4E8CA6C56450 /* Inter-Light.ttf in Resources */ = {isa = PBXBuildFile; fileRef = 87D8EA55E3F84E9E97429580 /* Inter-Light.ttf */; };
		A2DCEA462CA3428E81688B52 /* Inter-Regular.ttf in Resources */ = {isa = PBXBuildFile; fileRef = 5C5BEE17D3B44AC5ACC4200B /* Inter-Regular.ttf */; };
		45FC52DF19B341F2B8724607 /* Inter_18pt-Black.ttf in Resources */ = {isa = PBXBuildFile; fileRef = EE24B37F124E48C6A71E18DB /* Inter_18pt-Black.ttf */; };
		AB42545A4CBA4023B2CE3C9F /* Inter_18pt-BlackItalic.ttf in Resources */ = {isa = PBXBuildFile; fileRef = 7B674DB04E404DEC8C32B0F5 /* Inter_18pt-BlackItalic.ttf */; };
		9F814F974E1440DC98363984 /* Inter_18pt-Bold.ttf in Resources */ = {isa = PBXBuildFile; fileRef = B7540198CB5C4F4FB92C2B20 /* Inter_18pt-Bold.ttf */; };
		A64B142F5B3C4703A2A86A6F /* Inter_18pt-BoldItalic.ttf in Resources */ = {isa = PBXBuildFile; fileRef = 5D7CBDC33D3A49448690D47E /* Inter_18pt-BoldItalic.ttf */; };
		7907C38E70384D94ADC5D3C9 /* Inter_18pt-ExtraBold.ttf in Resources */ = {isa = PBXBuildFile; fileRef = 396FC9CDCBBE4C8192EEFE8B /* Inter_18pt-ExtraBold.ttf */; };
		9A36CC8D5834499DB9180F41 /* Inter_18pt-ExtraBoldItalic.ttf in Resources */ = {isa = PBXBuildFile; fileRef = 30895A587146416BA349FE58 /* Inter_18pt-ExtraBoldItalic.ttf */; };
		0B56FADF59A84F5C89FAE25B /* Inter_18pt-ExtraLight.ttf in Resources */ = {isa = PBXBuildFile; fileRef = BEC8AD4EEEA942C1BD6A8BF7 /* Inter_18pt-ExtraLight.ttf */; };
		3DF34BC41F834772AD802E77 /* Inter_18pt-ExtraLightItalic.ttf in Resources */ = {isa = PBXBuildFile; fileRef = 7D595CA255834FDBAEB3A68C /* Inter_18pt-ExtraLightItalic.ttf */; };
		EEEEDB5C7CB94D5F834EC14E /* Inter_18pt-Italic.ttf in Resources */ = {isa = PBXBuildFile; fileRef = 42AA278CFA214D998FE8DB34 /* Inter_18pt-Italic.ttf */; };
		DB81DFCAFBA64083985020B4 /* Inter_18pt-Light.ttf in Resources */ = {isa = PBXBuildFile; fileRef = D637E6FD9FFE41FF8589D08A /* Inter_18pt-Light.ttf */; };
		B68D028DD5E94C2E914DDEF8 /* Inter_18pt-LightItalic.ttf in Resources */ = {isa = PBXBuildFile; fileRef = BA2EFCD169A6415592EE10F0 /* Inter_18pt-LightItalic.ttf */; };
		EAA6F2A7BC5240B3AA4F9B7D /* Inter_18pt-Medium.ttf in Resources */ = {isa = PBXBuildFile; fileRef = 6CD3D7B94B814817B0988B15 /* Inter_18pt-Medium.ttf */; };
		509CEB44CA9F475F93DC152C /* Inter_18pt-MediumItalic.ttf in Resources */ = {isa = PBXBuildFile; fileRef = AA3B120CC0274BF797D41DE9 /* Inter_18pt-MediumItalic.ttf */; };
		6881A730801448BD9231C0C5 /* Inter_18pt-Regular.ttf in Resources */ = {isa = PBXBuildFile; fileRef = 596AEFD965DE4060A5EBEC85 /* Inter_18pt-Regular.ttf */; };
		31D0F89725A74C19A954E436 /* Inter_18pt-SemiBold.ttf in Resources */ = {isa = PBXBuildFile; fileRef = BC1502CF7DC94EEAB3D3D7EA /* Inter_18pt-SemiBold.ttf */; };
		264E98A6BA6A4EB48F5C6C3B /* Inter_18pt-SemiBoldItalic.ttf in Resources */ = {isa = PBXBuildFile; fileRef = F6A72D8201E140ED92A28C80 /* Inter_18pt-SemiBoldItalic.ttf */; };
		D843E7D0EEBC4A5D86070E8F /* Inter_18pt-Thin.ttf in Resources */ = {isa = PBXBuildFile; fileRef = 69429178EDFB4624994B98E4 /* Inter_18pt-Thin.ttf */; };
		2977E91FD6B24D4497627D14 /* Inter_18pt-ThinItalic.ttf in Resources */ = {isa = PBXBuildFile; fileRef = 75E282014FB1452FA519F3E1 /* Inter_18pt-ThinItalic.ttf */; };
		4DA4553E8CEB415085E93802 /* Inter_24pt-Black.ttf in Resources */ = {isa = PBXBuildFile; fileRef = 871C3457B6704EA99ED0EB98 /* Inter_24pt-Black.ttf */; };
		2F9B38B9174A4143A4DB3BAA /* Inter_24pt-BlackItalic.ttf in Resources */ = {isa = PBXBuildFile; fileRef = 505C02258CD94AFBB3499052 /* Inter_24pt-BlackItalic.ttf */; };
		E0699EA3A1F7441FAB37836E /* Inter_24pt-Bold.ttf in Resources */ = {isa = PBXBuildFile; fileRef = 3197C06ED3B543F8920B75D8 /* Inter_24pt-Bold.ttf */; };
		C40A433BA39C477AA8EC55D3 /* Inter_24pt-BoldItalic.ttf in Resources */ = {isa = PBXBuildFile; fileRef = E916BD6E0EAD4C40BBAB8F30 /* Inter_24pt-BoldItalic.ttf */; };
		CC2DF1C2717F4E19BF2C89BA /* Inter_24pt-ExtraBold.ttf in Resources */ = {isa = PBXBuildFile; fileRef = F18FB5E944E0468A804CFD28 /* Inter_24pt-ExtraBold.ttf */; };
		618700F73F0C47A7BF0AAC88 /* Inter_24pt-ExtraBoldItalic.ttf in Resources */ = {isa = PBXBuildFile; fileRef = F1FB8A7A90BB409595CF5BC3 /* Inter_24pt-ExtraBoldItalic.ttf */; };
		E0D236E15B954F50ACCF25B5 /* Inter_24pt-ExtraLight.ttf in Resources */ = {isa = PBXBuildFile; fileRef = A12F734C860A4D7ABF7F62AC /* Inter_24pt-ExtraLight.ttf */; };
		E604F78BB7CB46A9A5921DBF /* Inter_24pt-ExtraLightItalic.ttf in Resources */ = {isa = PBXBuildFile; fileRef = 338FEEF5807344CCBD4C342B /* Inter_24pt-ExtraLightItalic.ttf */; };
		2E735A3CC3DE483C956DA977 /* Inter_24pt-Italic.ttf in Resources */ = {isa = PBXBuildFile; fileRef = 9C461AF30C3341059BD66ADC /* Inter_24pt-Italic.ttf */; };
		A74D62FA9BDC4B398BA23A73 /* Inter_24pt-Light.ttf in Resources */ = {isa = PBXBuildFile; fileRef = 101BE7AAAFAA487F8A6103C0 /* Inter_24pt-Light.ttf */; };
		E3304EF15C6B478599128A25 /* Inter_24pt-LightItalic.ttf in Resources */ = {isa = PBXBuildFile; fileRef = 80D1E185B964448CA9C75BF9 /* Inter_24pt-LightItalic.ttf */; };
		81407767F8444D6E8869F004 /* Inter_24pt-Medium.ttf in Resources */ = {isa = PBXBuildFile; fileRef = F5523AC86C3B4864BD2D4EF2 /* Inter_24pt-Medium.ttf */; };
		F4A61F24617D438691B1CC6F /* Inter_24pt-MediumItalic.ttf in Resources */ = {isa = PBXBuildFile; fileRef = 228207FB9BE349FC90ED83C1 /* Inter_24pt-MediumItalic.ttf */; };
		FC53F9AE8E184A7A9A5D9D8C /* Inter_24pt-Regular.ttf in Resources */ = {isa = PBXBuildFile; fileRef = 65793F91710B480E85461FB0 /* Inter_24pt-Regular.ttf */; };
		B861858454E54CFB978B7E3E /* Inter_24pt-SemiBold.ttf in Resources */ = {isa = PBXBuildFile; fileRef = DA12DAECA5EA4BCF9B9BE3DA /* Inter_24pt-SemiBold.ttf */; };
		9B0AC36FC7984A1190015D5A /* Inter_24pt-SemiBoldItalic.ttf in Resources */ = {isa = PBXBuildFile; fileRef = BA4148920C7340CC91233CD6 /* Inter_24pt-SemiBoldItalic.ttf */; };
		6ABCE02384284F27A79CE38B /* Inter_24pt-Thin.ttf in Resources */ = {isa = PBXBuildFile; fileRef = E92958B2B9FA4B4E876C5D76 /* Inter_24pt-Thin.ttf */; };
		D483DD7D64224C20971F6F45 /* Inter_24pt-ThinItalic.ttf in Resources */ = {isa = PBXBuildFile; fileRef = 5693C05A57CE479C84D0BA13 /* Inter_24pt-ThinItalic.ttf */; };
		C4EB3C0955CB49378CA8381D /* Inter_28pt-Black.ttf in Resources */ = {isa = PBXBuildFile; fileRef = 14F0FDCFC71C4B22AEA63F06 /* Inter_28pt-Black.ttf */; };
		F673C08A70664B1895F4BA23 /* Inter_28pt-BlackItalic.ttf in Resources */ = {isa = PBXBuildFile; fileRef = 414A75C1F74F4934A30672B7 /* Inter_28pt-BlackItalic.ttf */; };
		AECC717E2B304EFD9150BEEF /* Inter_28pt-BoldItalic.ttf in Resources */ = {isa = PBXBuildFile; fileRef = AE727625D60547D4AD96758E /* Inter_28pt-BoldItalic.ttf */; };
		598E27E553D04084A8336908 /* Inter_28pt-ExtraBold.ttf in Resources */ = {isa = PBXBuildFile; fileRef = 010E1CA7F5394D6D8C9F73B2 /* Inter_28pt-ExtraBold.ttf */; };
		864FAB13567842C280C1E64E /* Inter_28pt-ExtraBoldItalic.ttf in Resources */ = {isa = PBXBuildFile; fileRef = E7D84476780340E88D711931 /* Inter_28pt-ExtraBoldItalic.ttf */; };
		B2F3A29A19364912A6D447C4 /* Inter_28pt-ExtraLight.ttf in Resources */ = {isa = PBXBuildFile; fileRef = A2744A15D3AF4425AF0F7A03 /* Inter_28pt-ExtraLight.ttf */; };
		25AD6087DDA748648AE25136 /* Inter_28pt-ExtraLightItalic.ttf in Resources */ = {isa = PBXBuildFile; fileRef = 57B25C3332654BAFA0DE2CE7 /* Inter_28pt-ExtraLightItalic.ttf */; };
		F008490E0AF645E7BDF29160 /* Inter_28pt-Italic.ttf in Resources */ = {isa = PBXBuildFile; fileRef = DF0028D99C6C4E33AB0E903D /* Inter_28pt-Italic.ttf */; };
		C2A30C40656C4D6B81914001 /* Inter_28pt-LightItalic.ttf in Resources */ = {isa = PBXBuildFile; fileRef = 6394F22C58BE43A0B3E8C4ED /* Inter_28pt-LightItalic.ttf */; };
		277021D915A043A4B5901014 /* Inter_28pt-Medium.ttf in Resources */ = {isa = PBXBuildFile; fileRef = 15FCC97C504144D0B2C61BF8 /* Inter_28pt-Medium.ttf */; };
		EC05669756AF4838BD97F305 /* Inter_28pt-MediumItalic.ttf in Resources */ = {isa = PBXBuildFile; fileRef = 1360EE4859844A6689C30FA3 /* Inter_28pt-MediumItalic.ttf */; };
		6A968F8BC4EC43CCAE781C44 /* Inter_28pt-SemiBold.ttf in Resources */ = {isa = PBXBuildFile; fileRef = 5F3ABAD1604C418E8B0A144B /* Inter_28pt-SemiBold.ttf */; };
		69E24738B2D64E138096980C /* Inter_28pt-SemiBoldItalic.ttf in Resources */ = {isa = PBXBuildFile; fileRef = A4CB35E3FF924ABCBDB6E854 /* Inter_28pt-SemiBoldItalic.ttf */; };
		2A0155B1D70F41DBA637C883 /* Inter_28pt-Thin.ttf in Resources */ = {isa = PBXBuildFile; fileRef = 54F7CE02741B47EFA36FEB2A /* Inter_28pt-Thin.ttf */; };
		3C8B4213FA474023A0CFC45F /* Inter_28pt-ThinItalic.ttf in Resources */ = {isa = PBXBuildFile; fileRef = 1BC770D9A7F8485BAD48C940 /* Inter_28pt-ThinItalic.ttf */; };
/* End PBXBuildFile section */

/* Begin PBXContainerItemProxy section */
		00E356F41AD99517003FC87E /* PBXContainerItemProxy */ = {
			isa = PBXContainerItemProxy;
			containerPortal = 83CBB9F71A601CBA00E9B192 /* Project object */;
			proxyType = 1;
			remoteGlobalIDString = 13B07F861A680F5B00A75B9A;
			remoteInfo = courseTaskApp;
		};
/* End PBXContainerItemProxy section */

/* Begin PBXFileReference section */
		00E356F11AD99517003FC87E /* Info.plist */ = {isa = PBXFileReference; lastKnownFileType = text.plist.xml; path = Info.plist; sourceTree = "<group>"; };
		13B07F961A680F5B00A75B9A /* courseTaskApp.app */ = {isa = PBXFileReference; explicitFileType = wrapper.application; includeInIndex = 0; path = courseTaskApp.app; sourceTree = BUILT_PRODUCTS_DIR; };
		13B07FB51A68108700A75B9A /* Images.xcassets */ = {isa = PBXFileReference; lastKnownFileType = folder.assetcatalog; name = Images.xcassets; path = courseTaskApp/Images.xcassets; sourceTree = "<group>"; };
		13B07FB61A68108700A75B9A /* Info.plist */ = {isa = PBXFileReference; fileEncoding = 4; lastKnownFileType = text.plist.xml; name = Info.plist; path = courseTaskApp/Info.plist; sourceTree = "<group>"; };
		13B07FB81A68108700A75B9A /* PrivacyInfo.xcprivacy */ = {isa = PBXFileReference; fileEncoding = 4; lastKnownFileType = text.plist.xml; name = PrivacyInfo.xcprivacy; path = courseTaskApp/PrivacyInfo.xcprivacy; sourceTree = "<group>"; };
		3B4392A12AC88292D35C810B /* Pods-courseTaskApp.debug.xcconfig */ = {isa = PBXFileReference; includeInIndex = 1; lastKnownFileType = text.xcconfig; name = "Pods-courseTaskApp.debug.xcconfig"; path = "Target Support Files/Pods-courseTaskApp/Pods-courseTaskApp.debug.xcconfig"; sourceTree = "<group>"; };
		5709B34CF0A7D63546082F79 /* Pods-courseTaskApp.release.xcconfig */ = {isa = PBXFileReference; includeInIndex = 1; lastKnownFileType = text.xcconfig; name = "Pods-courseTaskApp.release.xcconfig"; path = "Target Support Files/Pods-courseTaskApp/Pods-courseTaskApp.release.xcconfig"; sourceTree = "<group>"; };
		5DCACB8F33CDC322A6C60F78 /* libPods-courseTaskApp.a */ = {isa = PBXFileReference; explicitFileType = archive.ar; includeInIndex = 0; path = "libPods-courseTaskApp.a"; sourceTree = BUILT_PRODUCTS_DIR; };
		761780EC2CA45674006654EE /* AppDelegate.swift */ = {isa = PBXFileReference; lastKnownFileType = sourcecode.swift; name = AppDelegate.swift; path = courseTaskApp/AppDelegate.swift; sourceTree = "<group>"; };
		81AB9BB72411601600AC10FF /* LaunchScreen.storyboard */ = {isa = PBXFileReference; fileEncoding = 4; lastKnownFileType = file.storyboard; name = LaunchScreen.storyboard; path = courseTaskApp/LaunchScreen.storyboard; sourceTree = "<group>"; };
		ED297162215061F000B7C4FE /* JavaScriptCore.framework */ = {isa = PBXFileReference; lastKnownFileType = wrapper.framework; name = JavaScriptCore.framework; path = System/Library/Frameworks/JavaScriptCore.framework; sourceTree = SDKROOT; };
		AB57125501AF4BD6A4CF66A3 /* Inter-Bold.ttf */ = {isa = PBXFileReference; name = "Inter-Bold.ttf"; path = "../src/assets/fonts/Inter/Inter-Bold.ttf"; sourceTree = "<group>"; fileEncoding = undefined; lastKnownFileType = unknown; explicitFileType = undefined; includeInIndex = 0; };
		87D8EA55E3F84E9E97429580 /* Inter-Light.ttf */ = {isa = PBXFileReference; name = "Inter-Light.ttf"; path = "../src/assets/fonts/Inter/Inter-Light.ttf"; sourceTree = "<group>"; fileEncoding = undefined; lastKnownFileType = unknown; explicitFileType = undefined; includeInIndex = 0; };
		5C5BEE17D3B44AC5ACC4200B /* Inter-Regular.ttf */ = {isa = PBXFileReference; name = "Inter-Regular.ttf"; path = "../src/assets/fonts/Inter/Inter-Regular.ttf"; sourceTree = "<group>"; fileEncoding = undefined; lastKnownFileType = unknown; explicitFileType = undefined; includeInIndex = 0; };
		EE24B37F124E48C6A71E18DB /* Inter_18pt-Black.ttf */ = {isa = PBXFileReference; name = "Inter_18pt-Black.ttf"; path = "../src/assets/fonts/Inter/Inter_18pt-Black.ttf"; sourceTree = "<group>"; fileEncoding = undefined; lastKnownFileType = unknown; explicitFileType = undefined; includeInIndex = 0; };
		7B674DB04E404DEC8C32B0F5 /* Inter_18pt-BlackItalic.ttf */ = {isa = PBXFileReference; name = "Inter_18pt-BlackItalic.ttf"; path = "../src/assets/fonts/Inter/Inter_18pt-BlackItalic.ttf"; sourceTree = "<group>"; fileEncoding = undefined; lastKnownFileType = unknown; explicitFileType = undefined; includeInIndex = 0; };
		B7540198CB5C4F4FB92C2B20 /* Inter_18pt-Bold.ttf */ = {isa = PBXFileReference; name = "Inter_18pt-Bold.ttf"; path = "../src/assets/fonts/Inter/Inter_18pt-Bold.ttf"; sourceTree = "<group>"; fileEncoding = undefined; lastKnownFileType = unknown; explicitFileType = undefined; includeInIndex = 0; };
		5D7CBDC33D3A49448690D47E /* Inter_18pt-BoldItalic.ttf */ = {isa = PBXFileReference; name = "Inter_18pt-BoldItalic.ttf"; path = "../src/assets/fonts/Inter/Inter_18pt-BoldItalic.ttf"; sourceTree = "<group>"; fileEncoding = undefined; lastKnownFileType = unknown; explicitFileType = undefined; includeInIndex = 0; };
		396FC9CDCBBE4C8192EEFE8B /* Inter_18pt-ExtraBold.ttf */ = {isa = PBXFileReference; name = "Inter_18pt-ExtraBold.ttf"; path = "../src/assets/fonts/Inter/Inter_18pt-ExtraBold.ttf"; sourceTree = "<group>"; fileEncoding = undefined; lastKnownFileType = unknown; explicitFileType = undefined; includeInIndex = 0; };
		30895A587146416BA349FE58 /* Inter_18pt-ExtraBoldItalic.ttf */ = {isa = PBXFileReference; name = "Inter_18pt-ExtraBoldItalic.ttf"; path = "../src/assets/fonts/Inter/Inter_18pt-ExtraBoldItalic.ttf"; sourceTree = "<group>"; fileEncoding = undefined; lastKnownFileType = unknown; explicitFileType = undefined; includeInIndex = 0; };
		BEC8AD4EEEA942C1BD6A8BF7 /* Inter_18pt-ExtraLight.ttf */ = {isa = PBXFileReference; name = "Inter_18pt-ExtraLight.ttf"; path = "../src/assets/fonts/Inter/Inter_18pt-ExtraLight.ttf"; sourceTree = "<group>"; fileEncoding = undefined; lastKnownFileType = unknown; explicitFileType = undefined; includeInIndex = 0; };
		7D595CA255834FDBAEB3A68C /* Inter_18pt-ExtraLightItalic.ttf */ = {isa = PBXFileReference; name = "Inter_18pt-ExtraLightItalic.ttf"; path = "../src/assets/fonts/Inter/Inter_18pt-ExtraLightItalic.ttf"; sourceTree = "<group>"; fileEncoding = undefined; lastKnownFileType = unknown; explicitFileType = undefined; includeInIndex = 0; };
		42AA278CFA214D998FE8DB34 /* Inter_18pt-Italic.ttf */ = {isa = PBXFileReference; name = "Inter_18pt-Italic.ttf"; path = "../src/assets/fonts/Inter/Inter_18pt-Italic.ttf"; sourceTree = "<group>"; fileEncoding = undefined; lastKnownFileType = unknown; explicitFileType = undefined; includeInIndex = 0; };
		D637E6FD9FFE41FF8589D08A /* Inter_18pt-Light.ttf */ = {isa = PBXFileReference; name = "Inter_18pt-Light.ttf"; path = "../src/assets/fonts/Inter/Inter_18pt-Light.ttf"; sourceTree = "<group>"; fileEncoding = undefined; lastKnownFileType = unknown; explicitFileType = undefined; includeInIndex = 0; };
		BA2EFCD169A6415592EE10F0 /* Inter_18pt-LightItalic.ttf */ = {isa = PBXFileReference; name = "Inter_18pt-LightItalic.ttf"; path = "../src/assets/fonts/Inter/Inter_18pt-LightItalic.ttf"; sourceTree = "<group>"; fileEncoding = undefined; lastKnownFileType = unknown; explicitFileType = undefined; includeInIndex = 0; };
		6CD3D7B94B814817B0988B15 /* Inter_18pt-Medium.ttf */ = {isa = PBXFileReference; name = "Inter_18pt-Medium.ttf"; path = "../src/assets/fonts/Inter/Inter_18pt-Medium.ttf"; sourceTree = "<group>"; fileEncoding = undefined; lastKnownFileType = unknown; explicitFileType = undefined; includeInIndex = 0; };
		AA3B120CC0274BF797D41DE9 /* Inter_18pt-MediumItalic.ttf */ = {isa = PBXFileReference; name = "Inter_18pt-MediumItalic.ttf"; path = "../src/assets/fonts/Inter/Inter_18pt-MediumItalic.ttf"; sourceTree = "<group>"; fileEncoding = undefined; lastKnownFileType = unknown; explicitFileType = undefined; includeInIndex = 0; };
		596AEFD965DE4060A5EBEC85 /* Inter_18pt-Regular.ttf */ = {isa = PBXFileReference; name = "Inter_18pt-Regular.ttf"; path = "../src/assets/fonts/Inter/Inter_18pt-Regular.ttf"; sourceTree = "<group>"; fileEncoding = undefined; lastKnownFileType = unknown; explicitFileType = undefined; includeInIndex = 0; };
		BC1502CF7DC94EEAB3D3D7EA /* Inter_18pt-SemiBold.ttf */ = {isa = PBXFileReference; name = "Inter_18pt-SemiBold.ttf"; path = "../src/assets/fonts/Inter/Inter_18pt-SemiBold.ttf"; sourceTree = "<group>"; fileEncoding = undefined; lastKnownFileType = unknown; explicitFileType = undefined; includeInIndex = 0; };
		F6A72D8201E140ED92A28C80 /* Inter_18pt-SemiBoldItalic.ttf */ = {isa = PBXFileReference; name = "Inter_18pt-SemiBoldItalic.ttf"; path = "../src/assets/fonts/Inter/Inter_18pt-SemiBoldItalic.ttf"; sourceTree = "<group>"; fileEncoding = undefined; lastKnownFileType = unknown; explicitFileType = undefined; includeInIndex = 0; };
		69429178EDFB4624994B98E4 /* Inter_18pt-Thin.ttf */ = {isa = PBXFileReference; name = "Inter_18pt-Thin.ttf"; path = "../src/assets/fonts/Inter/Inter_18pt-Thin.ttf"; sourceTree = "<group>"; fileEncoding = undefined; lastKnownFileType = unknown; explicitFileType = undefined; includeInIndex = 0; };
		75E282014FB1452FA519F3E1 /* Inter_18pt-ThinItalic.ttf */ = {isa = PBXFileReference; name = "Inter_18pt-ThinItalic.ttf"; path = "../src/assets/fonts/Inter/Inter_18pt-ThinItalic.ttf"; sourceTree = "<group>"; fileEncoding = undefined; lastKnownFileType = unknown; explicitFileType = undefined; includeInIndex = 0; };
		871C3457B6704EA99ED0EB98 /* Inter_24pt-Black.ttf */ = {isa = PBXFileReference; name = "Inter_24pt-Black.ttf"; path = "../src/assets/fonts/Inter/Inter_24pt-Black.ttf"; sourceTree = "<group>"; fileEncoding = undefined; lastKnownFileType = unknown; explicitFileType = undefined; includeInIndex = 0; };
		505C02258CD94AFBB3499052 /* Inter_24pt-BlackItalic.ttf */ = {isa = PBXFileReference; name = "Inter_24pt-BlackItalic.ttf"; path = "../src/assets/fonts/Inter/Inter_24pt-BlackItalic.ttf"; sourceTree = "<group>"; fileEncoding = undefined; lastKnownFileType = unknown; explicitFileType = undefined; includeInIndex = 0; };
		3197C06ED3B543F8920B75D8 /* Inter_24pt-Bold.ttf */ = {isa = PBXFileReference; name = "Inter_24pt-Bold.ttf"; path = "../src/assets/fonts/Inter/Inter_24pt-Bold.ttf"; sourceTree = "<group>"; fileEncoding = undefined; lastKnownFileType = unknown; explicitFileType = undefined; includeInIndex = 0; };
		E916BD6E0EAD4C40BBAB8F30 /* Inter_24pt-BoldItalic.ttf */ = {isa = PBXFileReference; name = "Inter_24pt-BoldItalic.ttf"; path = "../src/assets/fonts/Inter/Inter_24pt-BoldItalic.ttf"; sourceTree = "<group>"; fileEncoding = undefined; lastKnownFileType = unknown; explicitFileType = undefined; includeInIndex = 0; };
		F18FB5E944E0468A804CFD28 /* Inter_24pt-ExtraBold.ttf */ = {isa = PBXFileReference; name = "Inter_24pt-ExtraBold.ttf"; path = "../src/assets/fonts/Inter/Inter_24pt-ExtraBold.ttf"; sourceTree = "<group>"; fileEncoding = undefined; lastKnownFileType = unknown; explicitFileType = undefined; includeInIndex = 0; };
		F1FB8A7A90BB409595CF5BC3 /* Inter_24pt-ExtraBoldItalic.ttf */ = {isa = PBXFileReference; name = "Inter_24pt-ExtraBoldItalic.ttf"; path = "../src/assets/fonts/Inter/Inter_24pt-ExtraBoldItalic.ttf"; sourceTree = "<group>"; fileEncoding = undefined; lastKnownFileType = unknown; explicitFileType = undefined; includeInIndex = 0; };
		A12F734C860A4D7ABF7F62AC /* Inter_24pt-ExtraLight.ttf */ = {isa = PBXFileReference; name = "Inter_24pt-ExtraLight.ttf"; path = "../src/assets/fonts/Inter/Inter_24pt-ExtraLight.ttf"; sourceTree = "<group>"; fileEncoding = undefined; lastKnownFileType = unknown; explicitFileType = undefined; includeInIndex = 0; };
		338FEEF5807344CCBD4C342B /* Inter_24pt-ExtraLightItalic.ttf */ = {isa = PBXFileReference; name = "Inter_24pt-ExtraLightItalic.ttf"; path = "../src/assets/fonts/Inter/Inter_24pt-ExtraLightItalic.ttf"; sourceTree = "<group>"; fileEncoding = undefined; lastKnownFileType = unknown; explicitFileType = undefined; includeInIndex = 0; };
		9C461AF30C3341059BD66ADC /* Inter_24pt-Italic.ttf */ = {isa = PBXFileReference; name = "Inter_24pt-Italic.ttf"; path = "../src/assets/fonts/Inter/Inter_24pt-Italic.ttf"; sourceTree = "<group>"; fileEncoding = undefined; lastKnownFileType = unknown; explicitFileType = undefined; includeInIndex = 0; };
		101BE7AAAFAA487F8A6103C0 /* Inter_24pt-Light.ttf */ = {isa = PBXFileReference; name = "Inter_24pt-Light.ttf"; path = "../src/assets/fonts/Inter/Inter_24pt-Light.ttf"; sourceTree = "<group>"; fileEncoding = undefined; lastKnownFileType = unknown; explicitFileType = undefined; includeInIndex = 0; };
		80D1E185B964448CA9C75BF9 /* Inter_24pt-LightItalic.ttf */ = {isa = PBXFileReference; name = "Inter_24pt-LightItalic.ttf"; path = "../src/assets/fonts/Inter/Inter_24pt-LightItalic.ttf"; sourceTree = "<group>"; fileEncoding = undefined; lastKnownFileType = unknown; explicitFileType = undefined; includeInIndex = 0; };
		F5523AC86C3B4864BD2D4EF2 /* Inter_24pt-Medium.ttf */ = {isa = PBXFileReference; name = "Inter_24pt-Medium.ttf"; path = "../src/assets/fonts/Inter/Inter_24pt-Medium.ttf"; sourceTree = "<group>"; fileEncoding = undefined; lastKnownFileType = unknown; explicitFileType = undefined; includeInIndex = 0; };
		228207FB9BE349FC90ED83C1 /* Inter_24pt-MediumItalic.ttf */ = {isa = PBXFileReference; name = "Inter_24pt-MediumItalic.ttf"; path = "../src/assets/fonts/Inter/Inter_24pt-MediumItalic.ttf"; sourceTree = "<group>"; fileEncoding = undefined; lastKnownFileType = unknown; explicitFileType = undefined; includeInIndex = 0; };
		65793F91710B480E85461FB0 /* Inter_24pt-Regular.ttf */ = {isa = PBXFileReference; name = "Inter_24pt-Regular.ttf"; path = "../src/assets/fonts/Inter/Inter_24pt-Regular.ttf"; sourceTree = "<group>"; fileEncoding = undefined; lastKnownFileType = unknown; explicitFileType = undefined; includeInIndex = 0; };
		DA12DAECA5EA4BCF9B9BE3DA /* Inter_24pt-SemiBold.ttf */ = {isa = PBXFileReference; name = "Inter_24pt-SemiBold.ttf"; path = "../src/assets/fonts/Inter/Inter_24pt-SemiBold.ttf"; sourceTree = "<group>"; fileEncoding = undefined; lastKnownFileType = unknown; explicitFileType = undefined; includeInIndex = 0; };
		BA4148920C7340CC91233CD6 /* Inter_24pt-SemiBoldItalic.ttf */ = {isa = PBXFileReference; name = "Inter_24pt-SemiBoldItalic.ttf"; path = "../src/assets/fonts/Inter/Inter_24pt-SemiBoldItalic.ttf"; sourceTree = "<group>"; fileEncoding = undefined; lastKnownFileType = unknown; explicitFileType = undefined; includeInIndex = 0; };
		E92958B2B9FA4B4E876C5D76 /* Inter_24pt-Thin.ttf */ = {isa = PBXFileReference; name = "Inter_24pt-Thin.ttf"; path = "../src/assets/fonts/Inter/Inter_24pt-Thin.ttf"; sourceTree = "<group>"; fileEncoding = undefined; lastKnownFileType = unknown; explicitFileType = undefined; includeInIndex = 0; };
		5693C05A57CE479C84D0BA13 /* Inter_24pt-ThinItalic.ttf */ = {isa = PBXFileReference; name = "Inter_24pt-ThinItalic.ttf"; path = "../src/assets/fonts/Inter/Inter_24pt-ThinItalic.ttf"; sourceTree = "<group>"; fileEncoding = undefined; lastKnownFileType = unknown; explicitFileType = undefined; includeInIndex = 0; };
		14F0FDCFC71C4B22AEA63F06 /* Inter_28pt-Black.ttf */ = {isa = PBXFileReference; name = "Inter_28pt-Black.ttf"; path = "../src/assets/fonts/Inter/Inter_28pt-Black.ttf"; sourceTree = "<group>"; fileEncoding = undefined; lastKnownFileType = unknown; explicitFileType = undefined; includeInIndex = 0; };
		414A75C1F74F4934A30672B7 /* Inter_28pt-BlackItalic.ttf */ = {isa = PBXFileReference; name = "Inter_28pt-BlackItalic.ttf"; path = "../src/assets/fonts/Inter/Inter_28pt-BlackItalic.ttf"; sourceTree = "<group>"; fileEncoding = undefined; lastKnownFileType = unknown; explicitFileType = undefined; includeInIndex = 0; };
		AE727625D60547D4AD96758E /* Inter_28pt-BoldItalic.ttf */ = {isa = PBXFileReference; name = "Inter_28pt-BoldItalic.ttf"; path = "../src/assets/fonts/Inter/Inter_28pt-BoldItalic.ttf"; sourceTree = "<group>"; fileEncoding = undefined; lastKnownFileType = unknown; explicitFileType = undefined; includeInIndex = 0; };
		010E1CA7F5394D6D8C9F73B2 /* Inter_28pt-ExtraBold.ttf */ = {isa = PBXFileReference; name = "Inter_28pt-ExtraBold.ttf"; path = "../src/assets/fonts/Inter/Inter_28pt-ExtraBold.ttf"; sourceTree = "<group>"; fileEncoding = undefined; lastKnownFileType = unknown; explicitFileType = undefined; includeInIndex = 0; };
		E7D84476780340E88D711931 /* Inter_28pt-ExtraBoldItalic.ttf */ = {isa = PBXFileReference; name = "Inter_28pt-ExtraBoldItalic.ttf"; path = "../src/assets/fonts/Inter/Inter_28pt-ExtraBoldItalic.ttf"; sourceTree = "<group>"; fileEncoding = undefined; lastKnownFileType = unknown; explicitFileType = undefined; includeInIndex = 0; };
		A2744A15D3AF4425AF0F7A03 /* Inter_28pt-ExtraLight.ttf */ = {isa = PBXFileReference; name = "Inter_28pt-ExtraLight.ttf"; path = "../src/assets/fonts/Inter/Inter_28pt-ExtraLight.ttf"; sourceTree = "<group>"; fileEncoding = undefined; lastKnownFileType = unknown; explicitFileType = undefined; includeInIndex = 0; };
		57B25C3332654BAFA0DE2CE7 /* Inter_28pt-ExtraLightItalic.ttf */ = {isa = PBXFileReference; name = "Inter_28pt-ExtraLightItalic.ttf"; path = "../src/assets/fonts/Inter/Inter_28pt-ExtraLightItalic.ttf"; sourceTree = "<group>"; fileEncoding = undefined; lastKnownFileType = unknown; explicitFileType = undefined; includeInIndex = 0; };
		DF0028D99C6C4E33AB0E903D /* Inter_28pt-Italic.ttf */ = {isa = PBXFileReference; name = "Inter_28pt-Italic.ttf"; path = "../src/assets/fonts/Inter/Inter_28pt-Italic.ttf"; sourceTree = "<group>"; fileEncoding = undefined; lastKnownFileType = unknown; explicitFileType = undefined; includeInIndex = 0; };
		6394F22C58BE43A0B3E8C4ED /* Inter_28pt-LightItalic.ttf */ = {isa = PBXFileReference; name = "Inter_28pt-LightItalic.ttf"; path = "../src/assets/fonts/Inter/Inter_28pt-LightItalic.ttf"; sourceTree = "<group>"; fileEncoding = undefined; lastKnownFileType = unknown; explicitFileType = undefined; includeInIndex = 0; };
		15FCC97C504144D0B2C61BF8 /* Inter_28pt-Medium.ttf */ = {isa = PBXFileReference; name = "Inter_28pt-Medium.ttf"; path = "../src/assets/fonts/Inter/Inter_28pt-Medium.ttf"; sourceTree = "<group>"; fileEncoding = undefined; lastKnownFileType = unknown; explicitFileType = undefined; includeInIndex = 0; };
		1360EE4859844A6689C30FA3 /* Inter_28pt-MediumItalic.ttf */ = {isa = PBXFileReference; name = "Inter_28pt-MediumItalic.ttf"; path = "../src/assets/fonts/Inter/Inter_28pt-MediumItalic.ttf"; sourceTree = "<group>"; fileEncoding = undefined; lastKnownFileType = unknown; explicitFileType = undefined; includeInIndex = 0; };
		5F3ABAD1604C418E8B0A144B /* Inter_28pt-SemiBold.ttf */ = {isa = PBXFileReference; name = "Inter_28pt-SemiBold.ttf"; path = "../src/assets/fonts/Inter/Inter_28pt-SemiBold.ttf"; sourceTree = "<group>"; fileEncoding = undefined; lastKnownFileType = unknown; explicitFileType = undefined; includeInIndex = 0; };
		A4CB35E3FF924ABCBDB6E854 /* Inter_28pt-SemiBoldItalic.ttf */ = {isa = PBXFileReference; name = "Inter_28pt-SemiBoldItalic.ttf"; path = "../src/assets/fonts/Inter/Inter_28pt-SemiBoldItalic.ttf"; sourceTree = "<group>"; fileEncoding = undefined; lastKnownFileType = unknown; explicitFileType = undefined; includeInIndex = 0; };
		54F7CE02741B47EFA36FEB2A /* Inter_28pt-Thin.ttf */ = {isa = PBXFileReference; name = "Inter_28pt-Thin.ttf"; path = "../src/assets/fonts/Inter/Inter_28pt-Thin.ttf"; sourceTree = "<group>"; fileEncoding = undefined; lastKnownFileType = unknown; explicitFileType = undefined; includeInIndex = 0; };
		1BC770D9A7F8485BAD48C940 /* Inter_28pt-ThinItalic.ttf */ = {isa = PBXFileReference; name = "Inter_28pt-ThinItalic.ttf"; path = "../src/assets/fonts/Inter/Inter_28pt-ThinItalic.ttf"; sourceTree = "<group>"; fileEncoding = undefined; lastKnownFileType = unknown; explicitFileType = undefined; includeInIndex = 0; };
/* End PBXFileReference section */

/* Begin PBXFrameworksBuildPhase section */
		13B07F8C1A680F5B00A75B9A /* Frameworks */ = {
			isa = PBXFrameworksBuildPhase;
			buildActionMask = 2147483647;
			files = (
				0C80B921A6F3F58F76C31292 /* libPods-courseTaskApp.a in Frameworks */,
			);
			runOnlyForDeploymentPostprocessing = 0;
		};
/* End PBXFrameworksBuildPhase section */

/* Begin PBXGroup section */
		00E356F01AD99517003FC87E /* Supporting Files */ = {
			isa = PBXGroup;
			children = (
				00E356F11AD99517003FC87E /* Info.plist */,
			);
			name = "Supporting Files";
			sourceTree = "<group>";
		};
		13B07FAE1A68108700A75B9A /* courseTaskApp */ = {
			isa = PBXGroup;
			children = (
				13B07FB51A68108700A75B9A /* Images.xcassets */,
				761780EC2CA45674006654EE /* AppDelegate.swift */,
				13B07FB61A68108700A75B9A /* Info.plist */,
				81AB9BB72411601600AC10FF /* LaunchScreen.storyboard */,
				13B07FB81A68108700A75B9A /* PrivacyInfo.xcprivacy */,
			);
			name = courseTaskApp;
			sourceTree = "<group>";
		};
		2D16E6871FA4F8E400B85C8A /* Frameworks */ = {
			isa = PBXGroup;
			children = (
				ED297162215061F000B7C4FE /* JavaScriptCore.framework */,
				5DCACB8F33CDC322A6C60F78 /* libPods-courseTaskApp.a */,
			);
			name = Frameworks;
			sourceTree = "<group>";
		};
		832341AE1AAA6A7D00B99B32 /* Libraries */ = {
			isa = PBXGroup;
			children = (
			);
			name = Libraries;
			sourceTree = "<group>";
		};
		83CBB9F61A601CBA00E9B192 = {
			isa = PBXGroup;
			children = (
				13B07FAE1A68108700A75B9A /* courseTaskApp */,
				832341AE1AAA6A7D00B99B32 /* Libraries */,
				83CBBA001A601CBA00E9B192 /* Products */,
				2D16E6871FA4F8E400B85C8A /* Frameworks */,
				BBD78D7AC51CEA395F1C20DB /* Pods */,
				FF07CB438CF240DF88D22DA9 /* Resources */,
			);
			indentWidth = 2;
			sourceTree = "<group>";
			tabWidth = 2;
			usesTabs = 0;
		};
		83CBBA001A601CBA00E9B192 /* Products */ = {
			isa = PBXGroup;
			children = (
				13B07F961A680F5B00A75B9A /* courseTaskApp.app */,
			);
			name = Products;
			sourceTree = "<group>";
		};
		BBD78D7AC51CEA395F1C20DB /* Pods */ = {
			isa = PBXGroup;
			children = (
				3B4392A12AC88292D35C810B /* Pods-courseTaskApp.debug.xcconfig */,
				5709B34CF0A7D63546082F79 /* Pods-courseTaskApp.release.xcconfig */,
			);
			path = Pods;
			sourceTree = "<group>";
		};
		FF07CB438CF240DF88D22DA9 /* Resources */ = {
			isa = "PBXGroup";
			children = (
				AB57125501AF4BD6A4CF66A3 /* Inter-Bold.ttf */,
				87D8EA55E3F84E9E97429580 /* Inter-Light.ttf */,
				5C5BEE17D3B44AC5ACC4200B /* Inter-Regular.ttf */,
				EE24B37F124E48C6A71E18DB /* Inter_18pt-Black.ttf */,
				7B674DB04E404DEC8C32B0F5 /* Inter_18pt-BlackItalic.ttf */,
				B7540198CB5C4F4FB92C2B20 /* Inter_18pt-Bold.ttf */,
				5D7CBDC33D3A49448690D47E /* Inter_18pt-BoldItalic.ttf */,
				396FC9CDCBBE4C8192EEFE8B /* Inter_18pt-ExtraBold.ttf */,
				30895A587146416BA349FE58 /* Inter_18pt-ExtraBoldItalic.ttf */,
				BEC8AD4EEEA942C1BD6A8BF7 /* Inter_18pt-ExtraLight.ttf */,
				7D595CA255834FDBAEB3A68C /* Inter_18pt-ExtraLightItalic.ttf */,
				42AA278CFA214D998FE8DB34 /* Inter_18pt-Italic.ttf */,
				D637E6FD9FFE41FF8589D08A /* Inter_18pt-Light.ttf */,
				BA2EFCD169A6415592EE10F0 /* Inter_18pt-LightItalic.ttf */,
				6CD3D7B94B814817B0988B15 /* Inter_18pt-Medium.ttf */,
				AA3B120CC0274BF797D41DE9 /* Inter_18pt-MediumItalic.ttf */,
				596AEFD965DE4060A5EBEC85 /* Inter_18pt-Regular.ttf */,
				BC1502CF7DC94EEAB3D3D7EA /* Inter_18pt-SemiBold.ttf */,
				F6A72D8201E140ED92A28C80 /* Inter_18pt-SemiBoldItalic.ttf */,
				69429178EDFB4624994B98E4 /* Inter_18pt-Thin.ttf */,
				75E282014FB1452FA519F3E1 /* Inter_18pt-ThinItalic.ttf */,
				871C3457B6704EA99ED0EB98 /* Inter_24pt-Black.ttf */,
				505C02258CD94AFBB3499052 /* Inter_24pt-BlackItalic.ttf */,
				3197C06ED3B543F8920B75D8 /* Inter_24pt-Bold.ttf */,
				E916BD6E0EAD4C40BBAB8F30 /* Inter_24pt-BoldItalic.ttf */,
				F18FB5E944E0468A804CFD28 /* Inter_24pt-ExtraBold.ttf */,
				F1FB8A7A90BB409595CF5BC3 /* Inter_24pt-ExtraBoldItalic.ttf */,
				A12F734C860A4D7ABF7F62AC /* Inter_24pt-ExtraLight.ttf */,
				338FEEF5807344CCBD4C342B /* Inter_24pt-ExtraLightItalic.ttf */,
				9C461AF30C3341059BD66ADC /* Inter_24pt-Italic.ttf */,
				101BE7AAAFAA487F8A6103C0 /* Inter_24pt-Light.ttf */,
				80D1E185B964448CA9C75BF9 /* Inter_24pt-LightItalic.ttf */,
				F5523AC86C3B4864BD2D4EF2 /* Inter_24pt-Medium.ttf */,
				228207FB9BE349FC90ED83C1 /* Inter_24pt-MediumItalic.ttf */,
				65793F91710B480E85461FB0 /* Inter_24pt-Regular.ttf */,
				DA12DAECA5EA4BCF9B9BE3DA /* Inter_24pt-SemiBold.ttf */,
				BA4148920C7340CC91233CD6 /* Inter_24pt-SemiBoldItalic.ttf */,
				E92958B2B9FA4B4E876C5D76 /* Inter_24pt-Thin.ttf */,
				5693C05A57CE479C84D0BA13 /* Inter_24pt-ThinItalic.ttf */,
				14F0FDCFC71C4B22AEA63F06 /* Inter_28pt-Black.ttf */,
				414A75C1F74F4934A30672B7 /* Inter_28pt-BlackItalic.ttf */,
				AE727625D60547D4AD96758E /* Inter_28pt-BoldItalic.ttf */,
				010E1CA7F5394D6D8C9F73B2 /* Inter_28pt-ExtraBold.ttf */,
				E7D84476780340E88D711931 /* Inter_28pt-ExtraBoldItalic.ttf */,
				A2744A15D3AF4425AF0F7A03 /* Inter_28pt-ExtraLight.ttf */,
				57B25C3332654BAFA0DE2CE7 /* Inter_28pt-ExtraLightItalic.ttf */,
				DF0028D99C6C4E33AB0E903D /* Inter_28pt-Italic.ttf */,
				6394F22C58BE43A0B3E8C4ED /* Inter_28pt-LightItalic.ttf */,
				15FCC97C504144D0B2C61BF8 /* Inter_28pt-Medium.ttf */,
				1360EE4859844A6689C30FA3 /* Inter_28pt-MediumItalic.ttf */,
				5F3ABAD1604C418E8B0A144B /* Inter_28pt-SemiBold.ttf */,
				A4CB35E3FF924ABCBDB6E854 /* Inter_28pt-SemiBoldItalic.ttf */,
				54F7CE02741B47EFA36FEB2A /* Inter_28pt-Thin.ttf */,
				1BC770D9A7F8485BAD48C940 /* Inter_28pt-ThinItalic.ttf */,
			);
			name = Resources;
			sourceTree = "<group>";
			path = "";
		};
/* End PBXGroup section */

/* Begin PBXNativeTarget section */
		13B07F861A680F5B00A75B9A /* courseTaskApp */ = {
			isa = PBXNativeTarget;
			buildConfigurationList = 13B07F931A680F5B00A75B9A /* Build configuration list for PBXNativeTarget "courseTaskApp" */;
			buildPhases = (
				C38B50BA6285516D6DCD4F65 /* [CP] Check Pods Manifest.lock */,
				13B07F871A680F5B00A75B9A /* Sources */,
				13B07F8C1A680F5B00A75B9A /* Frameworks */,
				13B07F8E1A680F5B00A75B9A /* Resources */,
				00DD1BFF1BD5951E006B06BC /* Bundle React Native code and images */,
				00EEFC60759A1932668264C0 /* [CP] Embed Pods Frameworks */,
				E235C05ADACE081382539298 /* [CP] Copy Pods Resources */,
			);
			buildRules = (
			);
			dependencies = (
			);
			name = courseTaskApp;
			productName = courseTaskApp;
			productReference = 13B07F961A680F5B00A75B9A /* courseTaskApp.app */;
			productType = "com.apple.product-type.application";
		};
/* End PBXNativeTarget section */

/* Begin PBXProject section */
		83CBB9F71A601CBA00E9B192 /* Project object */ = {
			isa = PBXProject;
			attributes = {
				LastUpgradeCheck = 1210;
				TargetAttributes = {
					13B07F861A680F5B00A75B9A = {
						LastSwiftMigration = 1120;
					};
				};
			};
			buildConfigurationList = 83CBB9FA1A601CBA00E9B192 /* Build configuration list for PBXProject "courseTaskApp" */;
			compatibilityVersion = "Xcode 12.0";
			developmentRegion = en;
			hasScannedForEncodings = 0;
			knownRegions = (
				en,
				Base,
			);
			mainGroup = 83CBB9F61A601CBA00E9B192;
			productRefGroup = 83CBBA001A601CBA00E9B192 /* Products */;
			projectDirPath = "";
			projectRoot = "";
			targets = (
				13B07F861A680F5B00A75B9A /* courseTaskApp */,
			);
		};
/* End PBXProject section */

/* Begin PBXResourcesBuildPhase section */
		00E356EC1AD99517003FC87E /* Resources */ = {
			isa = PBXResourcesBuildPhase;
			buildActionMask = 2147483647;
			files = (
			);
			runOnlyForDeploymentPostprocessing = 0;
		};
		13B07F8E1A680F5B00A75B9A /* Resources */ = {
			isa = PBXResourcesBuildPhase;
			buildActionMask = 2147483647;
			files = (
				81AB9BB82411601600AC10FF /* LaunchScreen.storyboard in Resources */,
				13B07FBF1A68108700A75B9A /* Images.xcassets in Resources */,
				C4F58030F2F64EAC87FC6CB2 /* Inter-Bold.ttf in Resources */,
				FB8869E9960E4E8CA6C56450 /* Inter-Light.ttf in Resources */,
				A2DCEA462CA3428E81688B52 /* Inter-Regular.ttf in Resources */,
				45FC52DF19B341F2B8724607 /* Inter_18pt-Black.ttf in Resources */,
				AB42545A4CBA4023B2CE3C9F /* Inter_18pt-BlackItalic.ttf in Resources */,
				9F814F974E1440DC98363984 /* Inter_18pt-Bold.ttf in Resources */,
				A64B142F5B3C4703A2A86A6F /* Inter_18pt-BoldItalic.ttf in Resources */,
				7907C38E70384D94ADC5D3C9 /* Inter_18pt-ExtraBold.ttf in Resources */,
				9A36CC8D5834499DB9180F41 /* Inter_18pt-ExtraBoldItalic.ttf in Resources */,
				0B56FADF59A84F5C89FAE25B /* Inter_18pt-ExtraLight.ttf in Resources */,
				3DF34BC41F834772AD802E77 /* Inter_18pt-ExtraLightItalic.ttf in Resources */,
				EEEEDB5C7CB94D5F834EC14E /* Inter_18pt-Italic.ttf in Resources */,
				DB81DFCAFBA64083985020B4 /* Inter_18pt-Light.ttf in Resources */,
				B68D028DD5E94C2E914DDEF8 /* Inter_18pt-LightItalic.ttf in Resources */,
				EAA6F2A7BC5240B3AA4F9B7D /* Inter_18pt-Medium.ttf in Resources */,
				509CEB44CA9F475F93DC152C /* Inter_18pt-MediumItalic.ttf in Resources */,
				6881A730801448BD9231C0C5 /* Inter_18pt-Regular.ttf in Resources */,
				31D0F89725A74C19A954E436 /* Inter_18pt-SemiBold.ttf in Resources */,
				264E98A6BA6A4EB48F5C6C3B /* Inter_18pt-SemiBoldItalic.ttf in Resources */,
				D843E7D0EEBC4A5D86070E8F /* Inter_18pt-Thin.ttf in Resources */,
				2977E91FD6B24D4497627D14 /* Inter_18pt-ThinItalic.ttf in Resources */,
				4DA4553E8CEB415085E93802 /* Inter_24pt-Black.ttf in Resources */,
				2F9B38B9174A4143A4DB3BAA /* Inter_24pt-BlackItalic.ttf in Resources */,
				E0699EA3A1F7441FAB37836E /* Inter_24pt-Bold.ttf in Resources */,
				C40A433BA39C477AA8EC55D3 /* Inter_24pt-BoldItalic.ttf in Resources */,
				CC2DF1C2717F4E19BF2C89BA /* Inter_24pt-ExtraBold.ttf in Resources */,
				618700F73F0C47A7BF0AAC88 /* Inter_24pt-ExtraBoldItalic.ttf in Resources */,
				E0D236E15B954F50ACCF25B5 /* Inter_24pt-ExtraLight.ttf in Resources */,
				E604F78BB7CB46A9A5921DBF /* Inter_24pt-ExtraLightItalic.ttf in Resources */,
				2E735A3CC3DE483C956DA977 /* Inter_24pt-Italic.ttf in Resources */,
				A74D62FA9BDC4B398BA23A73 /* Inter_24pt-Light.ttf in Resources */,
				E3304EF15C6B478599128A25 /* Inter_24pt-LightItalic.ttf in Resources */,
				81407767F8444D6E8869F004 /* Inter_24pt-Medium.ttf in Resources */,
				F4A61F24617D438691B1CC6F /* Inter_24pt-MediumItalic.ttf in Resources */,
				FC53F9AE8E184A7A9A5D9D8C /* Inter_24pt-Regular.ttf in Resources */,
				B861858454E54CFB978B7E3E /* Inter_24pt-SemiBold.ttf in Resources */,
				9B0AC36FC7984A1190015D5A /* Inter_24pt-SemiBoldItalic.ttf in Resources */,
				6ABCE02384284F27A79CE38B /* Inter_24pt-Thin.ttf in Resources */,
				D483DD7D64224C20971F6F45 /* Inter_24pt-ThinItalic.ttf in Resources */,
				C4EB3C0955CB49378CA8381D /* Inter_28pt-Black.ttf in Resources */,
				F673C08A70664B1895F4BA23 /* Inter_28pt-BlackItalic.ttf in Resources */,
				AECC717E2B304EFD9150BEEF /* Inter_28pt-BoldItalic.ttf in Resources */,
				598E27E553D04084A8336908 /* Inter_28pt-ExtraBold.ttf in Resources */,
				864FAB13567842C280C1E64E /* Inter_28pt-ExtraBoldItalic.ttf in Resources */,
				B2F3A29A19364912A6D447C4 /* Inter_28pt-ExtraLight.ttf in Resources */,
				25AD6087DDA748648AE25136 /* Inter_28pt-ExtraLightItalic.ttf in Resources */,
				F008490E0AF645E7BDF29160 /* Inter_28pt-Italic.ttf in Resources */,
				C2A30C40656C4D6B81914001 /* Inter_28pt-LightItalic.ttf in Resources */,
				277021D915A043A4B5901014 /* Inter_28pt-Medium.ttf in Resources */,
				EC05669756AF4838BD97F305 /* Inter_28pt-MediumItalic.ttf in Resources */,
				6A968F8BC4EC43CCAE781C44 /* Inter_28pt-SemiBold.ttf in Resources */,
				69E24738B2D64E138096980C /* Inter_28pt-SemiBoldItalic.ttf in Resources */,
				2A0155B1D70F41DBA637C883 /* Inter_28pt-Thin.ttf in Resources */,
				3C8B4213FA474023A0CFC45F /* Inter_28pt-ThinItalic.ttf in Resources */,
			);
			runOnlyForDeploymentPostprocessing = 0;
		};
/* End PBXResourcesBuildPhase section */

/* Begin PBXShellScriptBuildPhase section */
		00DD1BFF1BD5951E006B06BC /* Bundle React Native code and images */ = {
			isa = PBXShellScriptBuildPhase;
			buildActionMask = 2147483647;
			files = (
			);
			inputPaths = (
				"$(SRCROOT)/.xcode.env.local",
				"$(SRCROOT)/.xcode.env",
			);
			name = "Bundle React Native code and images";
			outputPaths = (
			);
			runOnlyForDeploymentPostprocessing = 0;
			shellPath = /bin/sh;
			shellScript = "set -e\n\nWITH_ENVIRONMENT=\"$REACT_NATIVE_PATH/scripts/xcode/with-environment.sh\"\nREACT_NATIVE_XCODE=\"$REACT_NATIVE_PATH/scripts/react-native-xcode.sh\"\n\n/bin/sh -c \"$WITH_ENVIRONMENT $REACT_NATIVE_XCODE\"\n";
		};
		00EEFC60759A1932668264C0 /* [CP] Embed Pods Frameworks */ = {
			isa = PBXShellScriptBuildPhase;
			buildActionMask = 2147483647;
			files = (
			);
			inputFileListPaths = (
				"${PODS_ROOT}/Target Support Files/Pods-courseTaskApp/Pods-courseTaskApp-frameworks-${CONFIGURATION}-input-files.xcfilelist",
			);
			name = "[CP] Embed Pods Frameworks";
			outputFileListPaths = (
				"${PODS_ROOT}/Target Support Files/Pods-courseTaskApp/Pods-courseTaskApp-frameworks-${CONFIGURATION}-output-files.xcfilelist",
			);
			runOnlyForDeploymentPostprocessing = 0;
			shellPath = /bin/sh;
			shellScript = "\"${PODS_ROOT}/Target Support Files/Pods-courseTaskApp/Pods-courseTaskApp-frameworks.sh\"\n";
			showEnvVarsInLog = 0;
		};
		C38B50BA6285516D6DCD4F65 /* [CP] Check Pods Manifest.lock */ = {
			isa = PBXShellScriptBuildPhase;
			buildActionMask = 2147483647;
			files = (
			);
			inputFileListPaths = (
			);
			inputPaths = (
				"${PODS_PODFILE_DIR_PATH}/Podfile.lock",
				"${PODS_ROOT}/Manifest.lock",
			);
			name = "[CP] Check Pods Manifest.lock";
			outputFileListPaths = (
			);
			outputPaths = (
				"$(DERIVED_FILE_DIR)/Pods-courseTaskApp-checkManifestLockResult.txt",
			);
			runOnlyForDeploymentPostprocessing = 0;
			shellPath = /bin/sh;
			shellScript = "diff \"${PODS_PODFILE_DIR_PATH}/Podfile.lock\" \"${PODS_ROOT}/Manifest.lock\" > /dev/null\nif [ $? != 0 ] ; then\n    # print error to STDERR\n    echo \"error: The sandbox is not in sync with the Podfile.lock. Run 'pod install' or update your CocoaPods installation.\" >&2\n    exit 1\nfi\n# This output is used by Xcode 'outputs' to avoid re-running this script phase.\necho \"SUCCESS\" > \"${SCRIPT_OUTPUT_FILE_0}\"\n";
			showEnvVarsInLog = 0;
		};
		E235C05ADACE081382539298 /* [CP] Copy Pods Resources */ = {
			isa = PBXShellScriptBuildPhase;
			buildActionMask = 2147483647;
			files = (
			);
			inputFileListPaths = (
				"${PODS_ROOT}/Target Support Files/Pods-courseTaskApp/Pods-courseTaskApp-resources-${CONFIGURATION}-input-files.xcfilelist",
			);
			name = "[CP] Copy Pods Resources";
			outputFileListPaths = (
				"${PODS_ROOT}/Target Support Files/Pods-courseTaskApp/Pods-courseTaskApp-resources-${CONFIGURATION}-output-files.xcfilelist",
			);
			runOnlyForDeploymentPostprocessing = 0;
			shellPath = /bin/sh;
			shellScript = "\"${PODS_ROOT}/Target Support Files/Pods-courseTaskApp/Pods-courseTaskApp-resources.sh\"\n";
			showEnvVarsInLog = 0;
		};
/* End PBXShellScriptBuildPhase section */

/* Begin PBXSourcesBuildPhase section */
		13B07F871A680F5B00A75B9A /* Sources */ = {
			isa = PBXSourcesBuildPhase;
			buildActionMask = 2147483647;
			files = (
				761780ED2CA45674006654EE /* AppDelegate.swift in Sources */,
			);
			runOnlyForDeploymentPostprocessing = 0;
		};
/* End PBXSourcesBuildPhase section */

/* Begin PBXTargetDependency section */
		00E356F51AD99517003FC87E /* PBXTargetDependency */ = {
			isa = PBXTargetDependency;
			target = 13B07F861A680F5B00A75B9A /* courseTaskApp */;
			targetProxy = 00E356F41AD99517003FC87E /* PBXContainerItemProxy */;
		};
/* End PBXTargetDependency section */

/* Begin XCBuildConfiguration section */
		13B07F941A680F5B00A75B9A /* Debug */ = {
			isa = XCBuildConfiguration;
			baseConfigurationReference = 3B4392A12AC88292D35C810B /* Pods-courseTaskApp.debug.xcconfig */;
			buildSettings = {
				ASSETCATALOG_COMPILER_APPICON_NAME = AppIcon;
				CLANG_ENABLE_MODULES = YES;
				CURRENT_PROJECT_VERSION = 1;
				ENABLE_BITCODE = NO;
				INFOPLIST_FILE = courseTaskApp/Info.plist;
				IPHONEOS_DEPLOYMENT_TARGET = 15.1;
				LD_RUNPATH_SEARCH_PATHS = (
					"$(inherited)",
					"@executable_path/Frameworks",
				);
				MARKETING_VERSION = 1.0;
				OTHER_LDFLAGS = (
					"$(inherited)",
					"-ObjC",
					"-lc++",
				);
				PRODUCT_BUNDLE_IDENTIFIER = "org.reactjs.native.example.$(PRODUCT_NAME:rfc1034identifier)";
				PRODUCT_NAME = courseTaskApp;
				SWIFT_OPTIMIZATION_LEVEL = "-Onone";
				SWIFT_VERSION = 5.0;
				VERSIONING_SYSTEM = "apple-generic";
			};
			name = Debug;
		};
		13B07F951A680F5B00A75B9A /* Release */ = {
			isa = XCBuildConfiguration;
			baseConfigurationReference = 5709B34CF0A7D63546082F79 /* Pods-courseTaskApp.release.xcconfig */;
			buildSettings = {
				ASSETCATALOG_COMPILER_APPICON_NAME = AppIcon;
				CLANG_ENABLE_MODULES = YES;
				CURRENT_PROJECT_VERSION = 1;
				INFOPLIST_FILE = courseTaskApp/Info.plist;
				IPHONEOS_DEPLOYMENT_TARGET = 15.1;
				LD_RUNPATH_SEARCH_PATHS = (
					"$(inherited)",
					"@executable_path/Frameworks",
				);
				MARKETING_VERSION = 1.0;
				OTHER_LDFLAGS = (
					"$(inherited)",
					"-ObjC",
					"-lc++",
				);
				PRODUCT_BUNDLE_IDENTIFIER = "org.reactjs.native.example.$(PRODUCT_NAME:rfc1034identifier)";
				PRODUCT_NAME = courseTaskApp;
				SWIFT_VERSION = 5.0;
				VERSIONING_SYSTEM = "apple-generic";
			};
			name = Release;
		};
		83CBBA201A601CBA00E9B192 /* Debug */ = {
			isa = XCBuildConfiguration;
			buildSettings = {
				ALWAYS_SEARCH_USER_PATHS = NO;
				CLANG_ANALYZER_LOCALIZABILITY_NONLOCALIZED = YES;
				CLANG_CXX_LANGUAGE_STANDARD = "c++20";
				CLANG_CXX_LIBRARY = "libc++";
				CLANG_ENABLE_MODULES = YES;
				CLANG_ENABLE_OBJC_ARC = YES;
				CLANG_WARN_BLOCK_CAPTURE_AUTORELEASING = YES;
				CLANG_WARN_BOOL_CONVERSION = YES;
				CLANG_WARN_COMMA = YES;
				CLANG_WARN_CONSTANT_CONVERSION = YES;
				CLANG_WARN_DEPRECATED_OBJC_IMPLEMENTATIONS = YES;
				CLANG_WARN_DIRECT_OBJC_ISA_USAGE = YES_ERROR;
				CLANG_WARN_EMPTY_BODY = YES;
				CLANG_WARN_ENUM_CONVERSION = YES;
				CLANG_WARN_INFINITE_RECURSION = YES;
				CLANG_WARN_INT_CONVERSION = YES;
				CLANG_WARN_NON_LITERAL_NULL_CONVERSION = YES;
				CLANG_WARN_OBJC_IMPLICIT_RETAIN_SELF = YES;
				CLANG_WARN_OBJC_LITERAL_CONVERSION = YES;
				CLANG_WARN_OBJC_ROOT_CLASS = YES_ERROR;
				CLANG_WARN_QUOTED_INCLUDE_IN_FRAMEWORK_HEADER = YES;
				CLANG_WARN_RANGE_LOOP_ANALYSIS = YES;
				CLANG_WARN_STRICT_PROTOTYPES = YES;
				CLANG_WARN_SUSPICIOUS_MOVE = YES;
				CLANG_WARN_UNREACHABLE_CODE = YES;
				CLANG_WARN__DUPLICATE_METHOD_MATCH = YES;
				"CODE_SIGN_IDENTITY[sdk=iphoneos*]" = "iPhone Developer";
				COPY_PHASE_STRIP = NO;
				ENABLE_STRICT_OBJC_MSGSEND = YES;
				ENABLE_TESTABILITY = YES;
				"EXCLUDED_ARCHS[sdk=iphonesimulator*]" = "";
				GCC_C_LANGUAGE_STANDARD = gnu99;
				GCC_DYNAMIC_NO_PIC = NO;
				GCC_NO_COMMON_BLOCKS = YES;
				GCC_OPTIMIZATION_LEVEL = 0;
				GCC_PREPROCESSOR_DEFINITIONS = (
					"DEBUG=1",
					"$(inherited)",
				);
				GCC_SYMBOLS_PRIVATE_EXTERN = NO;
				GCC_WARN_64_TO_32_BIT_CONVERSION = YES;
				GCC_WARN_ABOUT_RETURN_TYPE = YES_ERROR;
				GCC_WARN_UNDECLARED_SELECTOR = YES;
				GCC_WARN_UNINITIALIZED_AUTOS = YES_AGGRESSIVE;
				GCC_WARN_UNUSED_FUNCTION = YES;
				GCC_WARN_UNUSED_VARIABLE = YES;
				IPHONEOS_DEPLOYMENT_TARGET = 15.1;
				LD_RUNPATH_SEARCH_PATHS = (
					/usr/lib/swift,
					"$(inherited)",
				);
				LIBRARY_SEARCH_PATHS = (
					"\"$(SDKROOT)/usr/lib/swift\"",
					"\"$(TOOLCHAIN_DIR)/usr/lib/swift/$(PLATFORM_NAME)\"",
					"\"$(inherited)\"",
				);
				MTL_ENABLE_DEBUG_INFO = YES;
				ONLY_ACTIVE_ARCH = YES;
				OTHER_CPLUSPLUSFLAGS = (
					"$(OTHER_CFLAGS)",
					"-DFOLLY_NO_CONFIG",
					"-DFOLLY_MOBILE=1",
					"-DFOLLY_USE_LIBCPP=1",
					"-DFOLLY_CFG_NO_COROUTINES=1",
					"-DFOLLY_HAVE_CLOCK_GETTIME=1",
				);
				SDKROOT = iphoneos;
			};
			name = Debug;
		};
		83CBBA211A601CBA00E9B192 /* Release */ = {
			isa = XCBuildConfiguration;
			buildSettings = {
				ALWAYS_SEARCH_USER_PATHS = NO;
				CLANG_ANALYZER_LOCALIZABILITY_NONLOCALIZED = YES;
				CLANG_CXX_LANGUAGE_STANDARD = "c++20";
				CLANG_CXX_LIBRARY = "libc++";
				CLANG_ENABLE_MODULES = YES;
				CLANG_ENABLE_OBJC_ARC = YES;
				CLANG_WARN_BLOCK_CAPTURE_AUTORELEASING = YES;
				CLANG_WARN_BOOL_CONVERSION = YES;
				CLANG_WARN_COMMA = YES;
				CLANG_WARN_CONSTANT_CONVERSION = YES;
				CLANG_WARN_DEPRECATED_OBJC_IMPLEMENTATIONS = YES;
				CLANG_WARN_DIRECT_OBJC_ISA_USAGE = YES_ERROR;
				CLANG_WARN_EMPTY_BODY = YES;
				CLANG_WARN_ENUM_CONVERSION = YES;
				CLANG_WARN_INFINITE_RECURSION = YES;
				CLANG_WARN_INT_CONVERSION = YES;
				CLANG_WARN_NON_LITERAL_NULL_CONVERSION = YES;
				CLANG_WARN_OBJC_IMPLICIT_RETAIN_SELF = YES;
				CLANG_WARN_OBJC_LITERAL_CONVERSION = YES;
				CLANG_WARN_OBJC_ROOT_CLASS = YES_ERROR;
				CLANG_WARN_QUOTED_INCLUDE_IN_FRAMEWORK_HEADER = YES;
				CLANG_WARN_RANGE_LOOP_ANALYSIS = YES;
				CLANG_WARN_STRICT_PROTOTYPES = YES;
				CLANG_WARN_SUSPICIOUS_MOVE = YES;
				CLANG_WARN_UNREACHABLE_CODE = YES;
				CLANG_WARN__DUPLICATE_METHOD_MATCH = YES;
				"CODE_SIGN_IDENTITY[sdk=iphoneos*]" = "iPhone Developer";
				COPY_PHASE_STRIP = YES;
				ENABLE_NS_ASSERTIONS = NO;
				ENABLE_STRICT_OBJC_MSGSEND = YES;
				"EXCLUDED_ARCHS[sdk=iphonesimulator*]" = "";
				GCC_C_LANGUAGE_STANDARD = gnu99;
				GCC_NO_COMMON_BLOCKS = YES;
				GCC_WARN_64_TO_32_BIT_CONVERSION = YES;
				GCC_WARN_ABOUT_RETURN_TYPE = YES_ERROR;
				GCC_WARN_UNDECLARED_SELECTOR = YES;
				GCC_WARN_UNINITIALIZED_AUTOS = YES_AGGRESSIVE;
				GCC_WARN_UNUSED_FUNCTION = YES;
				GCC_WARN_UNUSED_VARIABLE = YES;
				IPHONEOS_DEPLOYMENT_TARGET = 15.1;
				LD_RUNPATH_SEARCH_PATHS = (
					/usr/lib/swift,
					"$(inherited)",
				);
				LIBRARY_SEARCH_PATHS = (
					"\"$(SDKROOT)/usr/lib/swift\"",
					"\"$(TOOLCHAIN_DIR)/usr/lib/swift/$(PLATFORM_NAME)\"",
					"\"$(inherited)\"",
				);
				MTL_ENABLE_DEBUG_INFO = NO;
				OTHER_CPLUSPLUSFLAGS = (
					"$(OTHER_CFLAGS)",
					"-DFOLLY_NO_CONFIG",
					"-DFOLLY_MOBILE=1",
					"-DFOLLY_USE_LIBCPP=1",
					"-DFOLLY_CFG_NO_COROUTINES=1",
					"-DFOLLY_HAVE_CLOCK_GETTIME=1",
				);
				SDKROOT = iphoneos;
				VALIDATE_PRODUCT = YES;
			};
			name = Release;
		};
/* End XCBuildConfiguration section */

/* Begin XCConfigurationList section */
		13B07F931A680F5B00A75B9A /* Build configuration list for PBXNativeTarget "courseTaskApp" */ = {
			isa = XCConfigurationList;
			buildConfigurations = (
				13B07F941A680F5B00A75B9A /* Debug */,
				13B07F951A680F5B00A75B9A /* Release */,
			);
			defaultConfigurationIsVisible = 0;
			defaultConfigurationName = Release;
		};
		83CBB9FA1A601CBA00E9B192 /* Build configuration list for PBXProject "courseTaskApp" */ = {
			isa = XCConfigurationList;
			buildConfigurations = (
				83CBBA201A601CBA00E9B192 /* Debug */,
				83CBBA211A601CBA00E9B192 /* Release */,
			);
			defaultConfigurationIsVisible = 0;
			defaultConfigurationName = Release;
		};
/* End XCConfigurationList section */
	};
	rootObject = 83CBB9F71A601CBA00E9B192 /* Project object */;
}
